
Microsoft Visual Studio Solution File, Format Version 12.00
# Visual Studio Version 17
VisualStudioVersion = 17.3.32922.545
MinimumVisualStudioVersion = 10.0.40219.1
Project("{FAE04EC0-301F-11D3-BF4B-00C04F79EFBC}") = "WebAppTusDemo", "WebAppTusDemo.csproj", "{05F8ED20-6D09-4C26-BE44-2A56247B4619}"
EndProject
Global
	GlobalSection(SolutionConfigurationPlatforms) = preSolution
		Debug|Any CPU = Debug|Any CPU
		Release|Any CPU = Release|Any CPU
	EndGlobalSection
	GlobalSection(ProjectConfigurationPlatforms) = postSolution
		{05F8ED20-6D09-4C26-BE44-2A56247B4619}.Debug|Any CPU.ActiveCfg = Debug|Any CPU
		{05F8ED20-6D09-4C26-BE44-2A56247B4619}.Debug|Any CPU.Build.0 = Debug|Any CPU
		{05F8ED20-6D09-4C26-BE44-2A56247B4619}.Release|Any CPU.ActiveCfg = Release|Any CPU
		{05F8ED20-6D09-4C26-BE44-2A56247B4619}.Release|Any CPU.Build.0 = Release|Any CPU
	EndGlobalSection
	GlobalSection(SolutionProperties) = preSolution
		HideSolutionNode = FALSE
	EndGlobalSection
	GlobalSection(ExtensibilityGlobals) = postSolution
		SolutionGuid = {665059B4-CB54-44BC-A610-9F57E08A5356}
	EndGlobalSection
EndGlobal
